
Microsoft Visual Studio Solution File, Format Version 12.00
# Visual Studio 15
VisualStudioVersion = 15.0.27703.2018
MinimumVisualStudioVersion = 10.0.40219.1
Project("{FAE04EC0-301F-11D3-BF4B-00C04F79EFBC}") = "CSharpTcpSocketPro", "CSharpTcpSocketPro\CSharpTcpSocketPro.csproj", "{45B3CB63-C98C-4463-A0C4-712C454E5931}"
EndProject
Project("{FAE04EC0-301F-11D3-BF4B-00C04F79EFBC}") = "CSharpTcpSocketClient", "CSharpTcpSocketClient\CSharpTcpSocketClient.csproj", "{7E8400B5-3BE7-4B1E-8870-25B07F4E411E}"
EndProject
Project("{FAE04EC0-301F-11D3-BF4B-00C04F79EFBC}") = "CSharpTcpSocketServer", "CSharpTcpSocketServer\CSharpTcpSocketServer.csproj", "{F80DC2B9-7591-4814-8108-AAE43F6F5EFF}"
EndProject
Global
	GlobalSection(SolutionConfigurationPlatforms) = preSolution
		Debug|Any CPU = Debug|Any CPU
		Release|Any CPU = Release|Any CPU
	EndGlobalSection
	GlobalSection(ProjectConfigurationPlatforms) = postSolution
		{45B3CB63-C98C-4463-A0C4-712C454E5931}.Debug|Any CPU.ActiveCfg = Debug|Any CPU
		{45B3CB63-C98C-4463-A0C4-712C454E5931}.Debug|Any CPU.Build.0 = Debug|Any CPU
		{45B3CB63-C98C-4463-A0C4-712C454E5931}.Release|Any CPU.ActiveCfg = Release|Any CPU
		{45B3CB63-C98C-4463-A0C4-712C454E5931}.Release|Any CPU.Build.0 = Release|Any CPU
		{7E8400B5-3BE7-4B1E-8870-25B07F4E411E}.Debug|Any CPU.ActiveCfg = Debug|Any CPU
		{7E8400B5-3BE7-4B1E-8870-25B07F4E411E}.Debug|Any CPU.Build.0 = Debug|Any CPU
		{7E8400B5-3BE7-4B1E-8870-25B07F4E411E}.Release|Any CPU.ActiveCfg = Release|Any CPU
		{7E8400B5-3BE7-4B1E-8870-25B07F4E411E}.Release|Any CPU.Build.0 = Release|Any CPU
		{F80DC2B9-7591-4814-8108-AAE43F6F5EFF}.Debug|Any CPU.ActiveCfg = Debug|Any CPU
		{F80DC2B9-7591-4814-8108-AAE43F6F5EFF}.Debug|Any CPU.Build.0 = Debug|Any CPU
		{F80DC2B9-7591-4814-8108-AAE43F6F5EFF}.Release|Any CPU.ActiveCfg = Release|Any CPU
		{F80DC2B9-7591-4814-8108-AAE43F6F5EFF}.Release|Any CPU.Build.0 = Release|Any CPU
	EndGlobalSection
	GlobalSection(SolutionProperties) = preSolution
		HideSolutionNode = FALSE
	EndGlobalSection
	GlobalSection(ExtensibilityGlobals) = postSolution
		SolutionGuid = {963B73C9-A2BF-4B20-A1A2-179037598282}
	EndGlobalSection
EndGlobal
